
Microsoft Visual Studio Solution File, Format Version 12.00
# Visual Studio Version 17
VisualStudioVersion = 17.0.31903.59
MinimumVisualStudioVersion = 10.0.40219.1
Project("{FAE04EC0-301F-11D3-BF4B-00C04F79EFBC}") = "API", "API\API.csproj", "{424A9021-4AA9-4E34-919D-5A0B52D9D39F}"
EndProject
Project("{FAE04EC0-301F-11D3-BF4B-00C04F79EFBC}") = "Application", "Application\Application.csproj", "{11BB4B5C-F513-4438-8DE4-F94715402718}"
EndProject
Project("{FAE04EC0-301F-11D3-BF4B-00C04F79EFBC}") = "Domain", "Domain\Domain.csproj", "{4142C563-FFEC-45F6-B192-1C2AB4577196}"
EndProject
Project("{FAE04EC0-301F-11D3-BF4B-00C04F79EFBC}") = "Persistence", "Persistence\Persistence.csproj", "{51462971-E8B8-4F33-956B-9E09D2B61E64}"
EndProject
Global
	GlobalSection(SolutionConfigurationPlatforms) = preSolution
		Debug|Any CPU = Debug|Any CPU
		Release|Any CPU = Release|Any CPU
	EndGlobalSection
	GlobalSection(SolutionProperties) = preSolution
		HideSolutionNode = FALSE
	EndGlobalSection
	GlobalSection(ProjectConfigurationPlatforms) = postSolution
		{424A9021-4AA9-4E34-919D-5A0B52D9D39F}.Debug|Any CPU.ActiveCfg = Debug|Any CPU
		{424A9021-4AA9-4E34-919D-5A0B52D9D39F}.Debug|Any CPU.Build.0 = Debug|Any CPU
		{424A9021-4AA9-4E34-919D-5A0B52D9D39F}.Release|Any CPU.ActiveCfg = Release|Any CPU
		{424A9021-4AA9-4E34-919D-5A0B52D9D39F}.Release|Any CPU.Build.0 = Release|Any CPU
		{11BB4B5C-F513-4438-8DE4-F94715402718}.Debug|Any CPU.ActiveCfg = Debug|Any CPU
		{11BB4B5C-F513-4438-8DE4-F94715402718}.Debug|Any CPU.Build.0 = Debug|Any CPU
		{11BB4B5C-F513-4438-8DE4-F94715402718}.Release|Any CPU.ActiveCfg = Release|Any CPU
		{11BB4B5C-F513-4438-8DE4-F94715402718}.Release|Any CPU.Build.0 = Release|Any CPU
		{4142C563-FFEC-45F6-B192-1C2AB4577196}.Debug|Any CPU.ActiveCfg = Debug|Any CPU
		{4142C563-FFEC-45F6-B192-1C2AB4577196}.Debug|Any CPU.Build.0 = Debug|Any CPU
		{4142C563-FFEC-45F6-B192-1C2AB4577196}.Release|Any CPU.ActiveCfg = Release|Any CPU
		{4142C563-FFEC-45F6-B192-1C2AB4577196}.Release|Any CPU.Build.0 = Release|Any CPU
		{51462971-E8B8-4F33-956B-9E09D2B61E64}.Debug|Any CPU.ActiveCfg = Debug|Any CPU
		{51462971-E8B8-4F33-956B-9E09D2B61E64}.Debug|Any CPU.Build.0 = Debug|Any CPU
		{51462971-E8B8-4F33-956B-9E09D2B61E64}.Release|Any CPU.ActiveCfg = Release|Any CPU
		{51462971-E8B8-4F33-956B-9E09D2B61E64}.Release|Any CPU.Build.0 = Release|Any CPU
	EndGlobalSection
EndGlobal
